
Microsoft Visual Studio Solution File, Format Version 12.00
# Visual Studio Version 17
VisualStudioVersion = 17.9.34728.123
MinimumVisualStudioVersion = 10.0.40219.1
Project("{FAE04EC0-301F-11D3-BF4B-00C04F79EFBC}") = "StudentsMS", "StudentsMS\StudentsMS.csproj", "{B0BCFFA5-1412-4066-B82C-F5B534A91180}"
EndProject
Global
	GlobalSection(SolutionConfigurationPlatforms) = preSolution
		Debug|Any CPU = Debug|Any CPU
		Release|Any CPU = Release|Any CPU
	EndGlobalSection
	GlobalSection(ProjectConfigurationPlatforms) = postSolution
		{B0BCFFA5-1412-4066-B82C-F5B534A91180}.Debug|Any CPU.ActiveCfg = Debug|Any CPU
		{B0BCFFA5-1412-4066-B82C-F5B534A91180}.Debug|Any CPU.Build.0 = Debug|Any CPU
		{B0BCFFA5-1412-4066-B82C-F5B534A91180}.Release|Any CPU.ActiveCfg = Release|Any CPU
		{B0BCFFA5-1412-4066-B82C-F5B534A91180}.Release|Any CPU.Build.0 = Release|Any CPU
	EndGlobalSection
	GlobalSection(SolutionProperties) = preSolution
		HideSolutionNode = FALSE
	EndGlobalSection
	GlobalSection(ExtensibilityGlobals) = postSolution
		SolutionGuid = {AD402C32-6D2C-46BC-9162-FE383A5161B6}
	EndGlobalSection
EndGlobal
